
Microsoft Visual Studio Solution File, Format Version 11.00
# Visual Studio 2010
Project("{8BC9CEB8-8B4A-11D0-8D11-00A0C91BC942}") = "getTest3", "getTest3\getTest3.vcxproj", "{C6DBCD0E-078B-43C8-93D8-1E08001C5521}"
EndProject
Global
	GlobalSection(SolutionConfigurationPlatforms) = preSolution
		Debug|Win32 = Debug|Win32
		Release|Win32 = Release|Win32
	EndGlobalSection
	GlobalSection(ProjectConfigurationPlatforms) = postSolution
		{C6DBCD0E-078B-43C8-93D8-1E08001C5521}.Debug|Win32.ActiveCfg = Debug|Win32
		{C6DBCD0E-078B-43C8-93D8-1E08001C5521}.Debug|Win32.Build.0 = Debug|Win32
		{C6DBCD0E-078B-43C8-93D8-1E08001C5521}.Release|Win32.ActiveCfg = Release|Win32
		{C6DBCD0E-078B-43C8-93D8-1E08001C5521}.Release|Win32.Build.0 = Release|Win32
	EndGlobalSection
	GlobalSection(SolutionProperties) = preSolution
		HideSolutionNode = FALSE
	EndGlobalSection
EndGlobal
